
Microsoft Visual Studio Solution File, Format Version 12.00
# Visual Studio Version 16
VisualStudioVersion = 16.0.29519.181
MinimumVisualStudioVersion = 10.0.40219.1
Project("{2150E333-8FDC-42A3-9474-1A3956D46DE8}") = "Microservices", "Microservices", "{8D24E850-89B8-4EFF-AF79-A613899D194B}"
EndProject
Project("{2150E333-8FDC-42A3-9474-1A3956D46DE8}") = "Domain", "Domain", "{8BDA0D6B-43C5-4E2E-B342-FB919A4BD20C}"
EndProject
Project("{2150E333-8FDC-42A3-9474-1A3956D46DE8}") = "InfraBus", "InfraBus", "{DA3F112B-3597-420F-B90A-FC051C62B5CF}"
EndProject
Project("{2150E333-8FDC-42A3-9474-1A3956D46DE8}") = "InfraIoc", "InfraIoc", "{6B13043C-6BC8-4371-8EE9-7FB97AE236E6}"
EndProject
Project("{2150E333-8FDC-42A3-9474-1A3956D46DE8}") = "Presentation", "Presentation", "{826FE38F-AF34-4F6A-A045-5066F8D20042}"
EndProject
Project("{9A19103F-16F7-4668-BE54-9A1E7A4F7556}") = "MicroRabbit.Domain.Core", "MicroRabbit.Domain.Core\MicroRabbit.Domain.Core.csproj", "{E93A141E-4BA6-455F-996E-48065F550BE5}"
EndProject
Project("{9A19103F-16F7-4668-BE54-9A1E7A4F7556}") = "MicroRabbit.Infra.Bus", "MicroRabbit.Infra.Bus\MicroRabbit.Infra.Bus.csproj", "{4DACB3FA-F728-4A2D-ABA2-EB5BD790670D}"
EndProject
Project("{9A19103F-16F7-4668-BE54-9A1E7A4F7556}") = "MicroRabbit.Infra.IoC", "MicroRabbit.Infra.IoC\MicroRabbit.Infra.IoC.csproj", "{069AE97A-BED0-4DB3-BC1F-640BA064E7C0}"
EndProject
Project("{2150E333-8FDC-42A3-9474-1A3956D46DE8}") = "Banking", "Banking", "{E2A5D36D-2580-41C2-8111-E053D95BAAC2}"
EndProject
Project("{2150E333-8FDC-42A3-9474-1A3956D46DE8}") = "Api", "Api", "{F3094D42-A56E-492A-8EA6-6A6B009FBE77}"
EndProject
Project("{2150E333-8FDC-42A3-9474-1A3956D46DE8}") = "Application", "Application", "{9C7D9E84-9B7C-46F6-88C7-EE4E75C640C9}"
EndProject
Project("{2150E333-8FDC-42A3-9474-1A3956D46DE8}") = "Data", "Data", "{85ACA2CF-84BE-484B-9BCE-2BB7DE12CF9E}"
EndProject
Project("{2150E333-8FDC-42A3-9474-1A3956D46DE8}") = "Domain", "Domain", "{F0409B95-DE1D-4A3D-BA8A-42D5A0F688DE}"
EndProject
Project("{9A19103F-16F7-4668-BE54-9A1E7A4F7556}") = "MicroRabbit.Banking.Api", "MicroRabbit.Banking.Api\MicroRabbit.Banking.Api.csproj", "{619E9327-0AE9-4651-A417-F4BE79305347}"
EndProject
Project("{9A19103F-16F7-4668-BE54-9A1E7A4F7556}") = "MicroRabbit.Banking.Application", "MicroRabbit.Banking.Application\MicroRabbit.Banking.Application.csproj", "{FB685E1A-E5F5-4DEF-9483-CBE94EF47679}"
EndProject
Project("{9A19103F-16F7-4668-BE54-9A1E7A4F7556}") = "MicroRabbit.Banking.Data", "MicroRabbit.Banking.Data\MicroRabbit.Banking.Data.csproj", "{7CBE0EFF-A229-4F54-8A18-A2070F05A742}"
EndProject
Project("{9A19103F-16F7-4668-BE54-9A1E7A4F7556}") = "MicroRabbit.Banking.Domain", "MicroRabbit.Banking.Domain\MicroRabbit.Banking.Domain.csproj", "{10B94322-08BC-4944-B2A3-888F5C50EE1A}"
EndProject
Project("{2150E333-8FDC-42A3-9474-1A3956D46DE8}") = "Transfer", "Transfer", "{EBB233AC-F57B-45B7-A37A-B3B6AAE29C5E}"
EndProject
Project("{2150E333-8FDC-42A3-9474-1A3956D46DE8}") = "Api", "Api", "{DEECCB17-99F0-474E-8209-157868E46454}"
EndProject
Project("{2150E333-8FDC-42A3-9474-1A3956D46DE8}") = "Application", "Application", "{701E5C57-5988-4AE9-9AE6-4EBF6E3AD3C1}"
EndProject
Project("{2150E333-8FDC-42A3-9474-1A3956D46DE8}") = "Data", "Data", "{69E42565-96A5-4394-9941-6602BD2EA0C4}"
EndProject
Project("{2150E333-8FDC-42A3-9474-1A3956D46DE8}") = "Domain", "Domain", "{AF0F0D23-67FD-4A23-BBA6-1BD16ED9A63E}"
EndProject
Project("{FAE04EC0-301F-11D3-BF4B-00C04F79EFBC}") = "MicroRabbit.Transfer.Api", "MicroRabbit.Transfer.Api\MicroRabbit.Transfer.Api.csproj", "{4BDCE8CA-A902-4103-83C5-63995089A5C4}"
EndProject
Project("{FAE04EC0-301F-11D3-BF4B-00C04F79EFBC}") = "MicroRabbit.Transfer.Application", "Microservice.Transfer.Application\MicroRabbit.Transfer.Application.csproj", "{E412BFB0-ABB8-491C-81A5-8E02C119408F}"
EndProject
Project("{FAE04EC0-301F-11D3-BF4B-00C04F79EFBC}") = "MicroRabbit.Transfer.Data", "MicroRabbit.Transfer.Data\MicroRabbit.Transfer.Data.csproj", "{46BF5BA5-0BAC-48FD-BA73-A472BF8A7695}"
EndProject
Project("{FAE04EC0-301F-11D3-BF4B-00C04F79EFBC}") = "MicroRabbit.Transfer.Domain", "MicroRabbit.Transfer.Domain\MicroRabbit.Transfer.Domain.csproj", "{A544DB08-61FF-4202-84CC-49C7FCE3494E}"
EndProject
Global
	GlobalSection(SolutionConfigurationPlatforms) = preSolution
		Debug|Any CPU = Debug|Any CPU
		Release|Any CPU = Release|Any CPU
	EndGlobalSection
	GlobalSection(ProjectConfigurationPlatforms) = postSolution
		{E93A141E-4BA6-455F-996E-48065F550BE5}.Debug|Any CPU.ActiveCfg = Debug|Any CPU
		{E93A141E-4BA6-455F-996E-48065F550BE5}.Debug|Any CPU.Build.0 = Debug|Any CPU
		{E93A141E-4BA6-455F-996E-48065F550BE5}.Release|Any CPU.ActiveCfg = Release|Any CPU
		{E93A141E-4BA6-455F-996E-48065F550BE5}.Release|Any CPU.Build.0 = Release|Any CPU
		{4DACB3FA-F728-4A2D-ABA2-EB5BD790670D}.Debug|Any CPU.ActiveCfg = Debug|Any CPU
		{4DACB3FA-F728-4A2D-ABA2-EB5BD790670D}.Debug|Any CPU.Build.0 = Debug|Any CPU
		{4DACB3FA-F728-4A2D-ABA2-EB5BD790670D}.Release|Any CPU.ActiveCfg = Release|Any CPU
		{4DACB3FA-F728-4A2D-ABA2-EB5BD790670D}.Release|Any CPU.Build.0 = Release|Any CPU
		{069AE97A-BED0-4DB3-BC1F-640BA064E7C0}.Debug|Any CPU.ActiveCfg = Debug|Any CPU
		{069AE97A-BED0-4DB3-BC1F-640BA064E7C0}.Debug|Any CPU.Build.0 = Debug|Any CPU
		{069AE97A-BED0-4DB3-BC1F-640BA064E7C0}.Release|Any CPU.ActiveCfg = Release|Any CPU
		{069AE97A-BED0-4DB3-BC1F-640BA064E7C0}.Release|Any CPU.Build.0 = Release|Any CPU
		{619E9327-0AE9-4651-A417-F4BE79305347}.Debug|Any CPU.ActiveCfg = Debug|Any CPU
		{619E9327-0AE9-4651-A417-F4BE79305347}.Debug|Any CPU.Build.0 = Debug|Any CPU
		{619E9327-0AE9-4651-A417-F4BE79305347}.Release|Any CPU.ActiveCfg = Release|Any CPU
		{619E9327-0AE9-4651-A417-F4BE79305347}.Release|Any CPU.Build.0 = Release|Any CPU
		{FB685E1A-E5F5-4DEF-9483-CBE94EF47679}.Debug|Any CPU.ActiveCfg = Debug|Any CPU
		{FB685E1A-E5F5-4DEF-9483-CBE94EF47679}.Debug|Any CPU.Build.0 = Debug|Any CPU
		{FB685E1A-E5F5-4DEF-9483-CBE94EF47679}.Release|Any CPU.ActiveCfg = Release|Any CPU
		{FB685E1A-E5F5-4DEF-9483-CBE94EF47679}.Release|Any CPU.Build.0 = Release|Any CPU
		{7CBE0EFF-A229-4F54-8A18-A2070F05A742}.Debug|Any CPU.ActiveCfg = Debug|Any CPU
		{7CBE0EFF-A229-4F54-8A18-A2070F05A742}.Debug|Any CPU.Build.0 = Debug|Any CPU
		{7CBE0EFF-A229-4F54-8A18-A2070F05A742}.Release|Any CPU.ActiveCfg = Release|Any CPU
		{7CBE0EFF-A229-4F54-8A18-A2070F05A742}.Release|Any CPU.Build.0 = Release|Any CPU
		{10B94322-08BC-4944-B2A3-888F5C50EE1A}.Debug|Any CPU.ActiveCfg = Debug|Any CPU
		{10B94322-08BC-4944-B2A3-888F5C50EE1A}.Debug|Any CPU.Build.0 = Debug|Any CPU
		{10B94322-08BC-4944-B2A3-888F5C50EE1A}.Release|Any CPU.ActiveCfg = Release|Any CPU
		{10B94322-08BC-4944-B2A3-888F5C50EE1A}.Release|Any CPU.Build.0 = Release|Any CPU
		{4BDCE8CA-A902-4103-83C5-63995089A5C4}.Debug|Any CPU.ActiveCfg = Debug|Any CPU
		{4BDCE8CA-A902-4103-83C5-63995089A5C4}.Debug|Any CPU.Build.0 = Debug|Any CPU
		{4BDCE8CA-A902-4103-83C5-63995089A5C4}.Release|Any CPU.ActiveCfg = Release|Any CPU
		{4BDCE8CA-A902-4103-83C5-63995089A5C4}.Release|Any CPU.Build.0 = Release|Any CPU
		{E412BFB0-ABB8-491C-81A5-8E02C119408F}.Debug|Any CPU.ActiveCfg = Debug|Any CPU
		{E412BFB0-ABB8-491C-81A5-8E02C119408F}.Debug|Any CPU.Build.0 = Debug|Any CPU
		{E412BFB0-ABB8-491C-81A5-8E02C119408F}.Release|Any CPU.ActiveCfg = Release|Any CPU
		{E412BFB0-ABB8-491C-81A5-8E02C119408F}.Release|Any CPU.Build.0 = Release|Any CPU
		{46BF5BA5-0BAC-48FD-BA73-A472BF8A7695}.Debug|Any CPU.ActiveCfg = Debug|Any CPU
		{46BF5BA5-0BAC-48FD-BA73-A472BF8A7695}.Debug|Any CPU.Build.0 = Debug|Any CPU
		{46BF5BA5-0BAC-48FD-BA73-A472BF8A7695}.Release|Any CPU.ActiveCfg = Release|Any CPU
		{46BF5BA5-0BAC-48FD-BA73-A472BF8A7695}.Release|Any CPU.Build.0 = Release|Any CPU
		{A544DB08-61FF-4202-84CC-49C7FCE3494E}.Debug|Any CPU.ActiveCfg = Debug|Any CPU
		{A544DB08-61FF-4202-84CC-49C7FCE3494E}.Debug|Any CPU.Build.0 = Debug|Any CPU
		{A544DB08-61FF-4202-84CC-49C7FCE3494E}.Release|Any CPU.ActiveCfg = Release|Any CPU
		{A544DB08-61FF-4202-84CC-49C7FCE3494E}.Release|Any CPU.Build.0 = Release|Any CPU
	EndGlobalSection
	GlobalSection(SolutionProperties) = preSolution
		HideSolutionNode = FALSE
	EndGlobalSection
	GlobalSection(NestedProjects) = preSolution
		{E93A141E-4BA6-455F-996E-48065F550BE5} = {8BDA0D6B-43C5-4E2E-B342-FB919A4BD20C}
		{4DACB3FA-F728-4A2D-ABA2-EB5BD790670D} = {DA3F112B-3597-420F-B90A-FC051C62B5CF}
		{069AE97A-BED0-4DB3-BC1F-640BA064E7C0} = {6B13043C-6BC8-4371-8EE9-7FB97AE236E6}
		{E2A5D36D-2580-41C2-8111-E053D95BAAC2} = {8D24E850-89B8-4EFF-AF79-A613899D194B}
		{F3094D42-A56E-492A-8EA6-6A6B009FBE77} = {E2A5D36D-2580-41C2-8111-E053D95BAAC2}
		{9C7D9E84-9B7C-46F6-88C7-EE4E75C640C9} = {E2A5D36D-2580-41C2-8111-E053D95BAAC2}
		{85ACA2CF-84BE-484B-9BCE-2BB7DE12CF9E} = {E2A5D36D-2580-41C2-8111-E053D95BAAC2}
		{F0409B95-DE1D-4A3D-BA8A-42D5A0F688DE} = {E2A5D36D-2580-41C2-8111-E053D95BAAC2}
		{619E9327-0AE9-4651-A417-F4BE79305347} = {F3094D42-A56E-492A-8EA6-6A6B009FBE77}
		{FB685E1A-E5F5-4DEF-9483-CBE94EF47679} = {9C7D9E84-9B7C-46F6-88C7-EE4E75C640C9}
		{7CBE0EFF-A229-4F54-8A18-A2070F05A742} = {85ACA2CF-84BE-484B-9BCE-2BB7DE12CF9E}
		{10B94322-08BC-4944-B2A3-888F5C50EE1A} = {F0409B95-DE1D-4A3D-BA8A-42D5A0F688DE}
		{EBB233AC-F57B-45B7-A37A-B3B6AAE29C5E} = {8D24E850-89B8-4EFF-AF79-A613899D194B}
		{DEECCB17-99F0-474E-8209-157868E46454} = {EBB233AC-F57B-45B7-A37A-B3B6AAE29C5E}
		{701E5C57-5988-4AE9-9AE6-4EBF6E3AD3C1} = {EBB233AC-F57B-45B7-A37A-B3B6AAE29C5E}
		{69E42565-96A5-4394-9941-6602BD2EA0C4} = {EBB233AC-F57B-45B7-A37A-B3B6AAE29C5E}
		{AF0F0D23-67FD-4A23-BBA6-1BD16ED9A63E} = {EBB233AC-F57B-45B7-A37A-B3B6AAE29C5E}
		{4BDCE8CA-A902-4103-83C5-63995089A5C4} = {DEECCB17-99F0-474E-8209-157868E46454}
		{E412BFB0-ABB8-491C-81A5-8E02C119408F} = {701E5C57-5988-4AE9-9AE6-4EBF6E3AD3C1}
		{46BF5BA5-0BAC-48FD-BA73-A472BF8A7695} = {69E42565-96A5-4394-9941-6602BD2EA0C4}
		{A544DB08-61FF-4202-84CC-49C7FCE3494E} = {AF0F0D23-67FD-4A23-BBA6-1BD16ED9A63E}
	EndGlobalSection
	GlobalSection(ExtensibilityGlobals) = postSolution
		SolutionGuid = {085065B6-34B5-479E-B919-20258BC25BCF}
	EndGlobalSection
EndGlobal
